Microsoft Visual Studio Solution File, Format Version 12.00
# Visual Studio 15
VisualStudioVersion = 15.0.28307.329
MinimumVisualStudioVersion = 10.0.40219.1
Project("{2150E333-8FDC-42A3-9474-1A3956D46DE8}") = "tests", "tests", "{D69D5741-611F-4E14-8541-1FEE94F50B5A}"
EndProject
Project("{8BC9CEB8-8B4A-11D0-8D11-00A0C91BC942}") = "SDL2", "SDL\SDL.vcxproj", "{81CE8DAF-EBB2-4761-8E45-B71ABCCA8C68}"
EndProject
Project("{8BC9CEB8-8B4A-11D0-8D11-00A0C91BC942}") = "SDL2main", "SDLmain\SDLmain.vcxproj", "{DA956FD3-E142-46F2-9DD5-C78BEBB56B7A}"
EndProject
Project("{8BC9CEB8-8B4A-11D0-8D11-00A0C91BC942}") = "checkkeys", "tests\checkkeys\checkkeys.vcxproj", "{26828762-C95D-4637-9CB1-7F0979523813}"
EndProject
Project("{8BC9CEB8-8B4A-11D0-8D11-00A0C91BC942}") = "loopwave", "tests\loopwave\loopwave.vcxproj", "{AAAD1CB5-7ADA-47AE-85A0-08A6EC48FAFB}"
EndProject
Project("{8BC9CEB8-8B4A-11D0-8D11-00A0C91BC942}") = "testatomic", "tests\testatomic\testatomic.vcxproj", "{66B32F7E-5716-48D0-B5B9-D832FD052DD5}"
EndProject
Project("{8BC9CEB8-8B4A-11D0-8D11-00A0C91BC942}") = "testautomation", "tests\testautomation\testautomation.vcxproj", "{9C7E8C03-3130-436D-A97E-E8F8ED1AC4EA}"
EndProject
Project("{8BC9CEB8-8B4A-11D0-8D11-00A0C91BC942}") = "testdraw2", "tests\testdraw2\testdraw2.vcxproj", "{8682FE1E-0CF6-4EDD-9BB5-1733D8C8B4DF}"
EndProject
Project("{8BC9CEB8-8B4A-11D0-8D11-00A0C91BC942}") = "testfile", "tests\testfile\testfile.vcxproj", "{CAE4F1D0-314F-4B10-805B-0EFD670133A0}"
EndProject
Project("{8BC9CEB8-8B4A-11D0-8D11-00A0C91BC942}") = "testgesture", "tests\testgesture\testgesture.vcxproj", "{79CEE57E-1BC3-4FF6-90B3-9E39763CDAFF}"
EndProject
Project("{8BC9CEB8-8B4A-11D0-8D11-00A0C91BC942}") = "testgl2", "tests\testgl2\testgl2.vcxproj", "{8B5CFB38-CCBA-40A8-AD7A-89C57B070884}"
EndProject
Project("{8BC9CEB8-8B4A-11D0-8D11-00A0C91BC942}") = "testjoystick", "tests\testjoystick\testjoystick.vcxproj", "{55812185-D13C-4022-9C81-32E0F4A08304}"
EndProject
Project("{8BC9CEB8-8B4A-11D0-8D11-00A0C91BC942}") = "testoverlay2", "tests\testoverlay2\testoverlay2.vcxproj", "{B51E0D74-F0A2-45A2-BD2A-8B7D95B8204A}"
EndProject
Project("{8BC9CEB8-8B4A-11D0-8D11-00A0C91BC942}") = "testplatform", "tests\testplatform\testplatform.vcxproj", "{26932B24-EFC6-4E3A-B277-ED653DA37968}"
EndProject
Project("{8BC9CEB8-8B4A-11D0-8D11-00A0C91BC942}") = "testpower", "tests\testpower\testpower.vcxproj", "{C4E04D18-EF76-4B42-B4C2-16A1BACDC0A3}"
EndProject
Project("{8BC9CEB8-8B4A-11D0-8D11-00A0C91BC942}") = "testrendertarget", "tests\testrendertarget\testrendertarget.vcxproj", "{2D17C1EB-1157-460E-9A99-A82BFC1F9D1E}"
EndProject
Project("{8BC9CEB8-8B4A-11D0-8D11-00A0C91BC942}") = "testrumble", "tests\testrumble\testrumble.vcxproj", "{BFF40245-E9A6-4297-A425-A554E5D767E8}"
EndProject
Project("{8BC9CEB8-8B4A-11D0-8D11-00A0C91BC942}") = "testscale", "tests\testscale\testscale.vcxproj", "{5D0930C0-7C91-4ECE-9014-7B7DDE9502E6}"
EndProject
Project("{8BC9CEB8-8B4A-11D0-8D11-00A0C91BC942}") = "testshape", "tests\testshape\testshape.vcxproj", "{31A3E4E1-AAE9-4EF3-9B23-18D0924BE4D2}"
EndProject
Project("{8BC9CEB8-8B4A-11D0-8D11-00A0C91BC942}") = "testsprite2", "tests\testsprite2\testsprite2.vcxproj", "{40FB7794-D3C3-4CFE-BCF4-A80C96635682}"
EndProject
Project("{8BC9CEB8-8B4A-11D0-8D11-00A0C91BC942}") = "SDL2test", "SDLtest\SDLtest.vcxproj", "{DA956FD3-E143-46F2-9FE5-C77BEBC56B1A}"
EndProject
Project("{8BC9CEB8-8B4A-11D0-8D11-00A0C91BC942}") = "testgamecontroller", "tests\testgamecontroller\testgamecontroller.vcxproj", "{55812185-D13C-4022-9C81-32E0F4A08305}"
EndProject
Project("{8BC9CEB8-8B4A-11D0-8D11-00A0C91BC942}") = "testgles2", "tests\testgles2\testgles2.vcxproj", "{E9558DFE-1961-4DD4-B09B-DD0EEFD5C315}"
EndProject
Project("{8BC9CEB8-8B4A-11D0-8D11-00A0C91BC942}") = "controllermap", "tests\controllermap\controllermap.vcxproj", "{55812185-D13C-4022-9C81-32E0F4A08306}"
EndProject
Project("{8BC9CEB8-8B4A-11D0-8D11-00A0C91BC942}") = "testvulkan", "tests\testvulkan\testvulkan.vcxproj", "{0D604DFD-AAB6-442C-9368-F91A344146AB}"
EndProject
Project("{8BC9CEB8-8B4A-11D0-8D11-00A0C91BC942}") = "testyuv", "tests\testyuv\testyuv.vcxproj", "{40FB7794-D3C3-4CFE-BCF4-A80C97635682}"
EndProject
Global
	GlobalSection(SolutionConfigurationPlatforms) = preSolution
		DebugDLL|Win32 = DebugDLL|Win32
		DebugDLL|x64 = DebugDLL|x64
		DebugLIB|Win32 = DebugLIB|Win32
		DebugLIB|x64 = DebugLIB|x64
		ReleaseDLL|Win32 = ReleaseDLL|Win32
		ReleaseDLL|x64 = ReleaseDLL|x64
		ReleaseLIB|Win32 = ReleaseLIB|Win32
		ReleaseLIB|x64 = ReleaseLIB|x64
	EndGlobalSection
	GlobalSection(ProjectConfigurationPlatforms) = postSolution
		{81CE8DAF-EBB2-4761-8E45-B71ABCCA8C68}.DebugDLL|Win32.ActiveCfg = DebugDLL|Win32
		{81CE8DAF-EBB2-4761-8E45-B71ABCCA8C68}.DebugDLL|Win32.Build.0 = DebugDLL|Win32
		{81CE8DAF-EBB2-4761-8E45-B71ABCCA8C68}.DebugDLL|x64.ActiveCfg = DebugDLL|x64
		{81CE8DAF-EBB2-4761-8E45-B71ABCCA8C68}.DebugDLL|x64.Build.0 = DebugDLL|x64
		{81CE8DAF-EBB2-4761-8E45-B71ABCCA8C68}.DebugLIB|Win32.ActiveCfg = DebugLIB|Win32
		{81CE8DAF-EBB2-4761-8E45-B71ABCCA8C68}.DebugLIB|Win32.Build.0 = DebugLIB|Win32
		{81CE8DAF-EBB2-4761-8E45-B71ABCCA8C68}.DebugLIB|x64.ActiveCfg = DebugLIB|x64
		{81CE8DAF-EBB2-4761-8E45-B71ABCCA8C68}.DebugLIB|x64.Build.0 = DebugLIB|x64
		{81CE8DAF-EBB2-4761-8E45-B71ABCCA8C68}.ReleaseDLL|Win32.ActiveCfg = ReleaseDLL|Win32
		{81CE8DAF-EBB2-4761-8E45-B71ABCCA8C68}.ReleaseDLL|Win32.Build.0 = ReleaseDLL|Win32
		{81CE8DAF-EBB2-4761-8E45-B71ABCCA8C68}.ReleaseDLL|x64.ActiveCfg = ReleaseDLL|x64
		{81CE8DAF-EBB2-4761-8E45-B71ABCCA8C68}.ReleaseLIB|Win32.ActiveCfg = ReleaseLIB|Win32
		{81CE8DAF-EBB2-4761-8E45-B71ABCCA8C68}.ReleaseLIB|Win32.Build.0 = ReleaseLIB|Win32
		{81CE8DAF-EBB2-4761-8E45-B71ABCCA8C68}.ReleaseLIB|x64.ActiveCfg = ReleaseLIB|x64
		{81CE8DAF-EBB2-4761-8E45-B71ABCCA8C68}.ReleaseLIB|x64.Build.0 = ReleaseLIB|x64
		{DA956FD3-E142-46F2-9DD5-C78BEBB56B7A}.DebugDLL|Win32.ActiveCfg = Debug|Win32
		{DA956FD3-E142-46F2-9DD5-C78BEBB56B7A}.DebugDLL|Win32.Build.0 = Debug|Win32
		{DA956FD3-E142-46F2-9DD5-C78BEBB56B7A}.DebugDLL|x64.ActiveCfg = Debug|x64
		{DA956FD3-E142-46F2-9DD5-C78BEBB56B7A}.DebugDLL|x64.Build.0 = Debug|x64
		{DA956FD3-E142-46F2-9DD5-C78BEBB56B7A}.DebugLIB|Win32.ActiveCfg = Debug|Win32
		{DA956FD3-E142-46F2-9DD5-C78BEBB56B7A}.DebugLIB|Win32.Build.0 = Debug|Win32
		{DA956FD3-E142-46F2-9DD5-C78BEBB56B7A}.DebugLIB|x64.ActiveCfg = Debug|x64
		{DA956FD3-E142-46F2-9DD5-C78BEBB56B7A}.DebugLIB|x64.Build.0 = Debug|x64
		{DA956FD3-E142-46F2-9DD5-C78BEBB56B7A}.ReleaseDLL|Win32.ActiveCfg = Release|Win32
		{DA956FD3-E142-46F2-9DD5-C78BEBB56B7A}.ReleaseDLL|Win32.Build.0 = Release|Win32
		{DA956FD3-E142-46F2-9DD5-C78BEBB56B7A}.ReleaseDLL|x64.ActiveCfg = Release|x64
		{DA956FD3-E142-46F2-9DD5-C78BEBB56B7A}.ReleaseDLL|x64.Build.0 = Release|x64
		{DA956FD3-E142-46F2-9DD5-C78BEBB56B7A}.ReleaseLIB|Win32.ActiveCfg = Release|Win32
		{DA956FD3-E142-46F2-9DD5-C78BEBB56B7A}.ReleaseLIB|Win32.Build.0 = Release|Win32
		{DA956FD3-E142-46F2-9DD5-C78BEBB56B7A}.ReleaseLIB|x64.ActiveCfg = Release|x64
		{DA956FD3-E142-46F2-9DD5-C78BEBB56B7A}.ReleaseLIB|x64.Build.0 = Release|x64
		{26828762-C95D-4637-9CB1-7F0979523813}.DebugDLL|Win32.ActiveCfg = Debug|Win32
		{26828762-C95D-4637-9CB1-7F0979523813}.DebugDLL|Win32.Build.0 = Debug|Win32
		{26828762-C95D-4637-9CB1-7F0979523813}.DebugDLL|x64.ActiveCfg = Debug|x64
		{26828762-C95D-4637-9CB1-7F0979523813}.DebugDLL|x64.Build.0 = Debug|x64
		{26828762-C95D-4637-9CB1-7F0979523813}.DebugLIB|Win32.ActiveCfg = Debug|Win32
		{26828762-C95D-4637-9CB1-7F0979523813}.DebugLIB|Win32.Build.0 = Debug|Win32
		{26828762-C95D-4637-9CB1-7F0979523813}.DebugLIB|x64.ActiveCfg = Debug|x64
		{26828762-C95D-4637-9CB1-7F0979523813}.DebugLIB|x64.Build.0 = Debug|x64
		{26828762-C95D-4637-9CB1-7F0979523813}.ReleaseDLL|Win32.ActiveCfg = Release|Win32
		{26828762-C95D-4637-9CB1-7F0979523813}.ReleaseDLL|Win32.Build.0 = Release|Win32
		{26828762-C95D-4637-9CB1-7F0979523813}.ReleaseDLL|x64.ActiveCfg = Release|x64
		{26828762-C95D-4637-9CB1-7F0979523813}.ReleaseDLL|x64.Build.0 = Release|x64
		{26828762-C95D-4637-9CB1-7F0979523813}.ReleaseLIB|Win32.ActiveCfg = Release|Win32
		{26828762-C95D-4637-9CB1-7F0979523813}.ReleaseLIB|Win32.Build.0 = Release|Win32
		{26828762-C95D-4637-9CB1-7F0979523813}.ReleaseLIB|x64.ActiveCfg = Release|x64
		{26828762-C95D-4637-9CB1-7F0979523813}.ReleaseLIB|x64.Build.0 = Release|x64
		{AAAD1CB5-7ADA-47AE-85A0-08A6EC48FAFB}.DebugDLL|Win32.ActiveCfg = Debug|Win32
		{AAAD1CB5-7ADA-47AE-85A0-08A6EC48FAFB}.DebugDLL|Win32.Build.0 = Debug|Win32
		{AAAD1CB5-7ADA-47AE-85A0-08A6EC48FAFB}.DebugDLL|x64.ActiveCfg = Debug|x64
		{AAAD1CB5-7ADA-47AE-85A0-08A6EC48FAFB}.DebugDLL|x64.Build.0 = Debug|x64
		{AAAD1CB5-7ADA-47AE-85A0-08A6EC48FAFB}.DebugLIB|Win32.ActiveCfg = Debug|Win32
		{AAAD1CB5-7ADA-47AE-85A0-08A6EC48FAFB}.DebugLIB|Win32.Build.0 = Debug|Win32
		{AAAD1CB5-7ADA-47AE-85A0-08A6EC48FAFB}.DebugLIB|x64.ActiveCfg = Debug|x64
		{AAAD1CB5-7ADA-47AE-85A0-08A6EC48FAFB}.DebugLIB|x64.Build.0 = Debug|x64
		{AAAD1CB5-7ADA-47AE-85A0-08A6EC48FAFB}.ReleaseDLL|Win32.ActiveCfg = Release|Win32
		{AAAD1CB5-7ADA-47AE-85A0-08A6EC48FAFB}.ReleaseDLL|Win32.Build.0 = Release|Win32
		{AAAD1CB5-7ADA-47AE-85A0-08A6EC48FAFB}.ReleaseDLL|x64.ActiveCfg = Release|x64
		{AAAD1CB5-7ADA-47AE-85A0-08A6EC48FAFB}.ReleaseDLL|x64.Build.0 = Release|x64
		{AAAD1CB5-7ADA-47AE-85A0-08A6EC48FAFB}.ReleaseLIB|Win32.ActiveCfg = Release|Win32
		{AAAD1CB5-7ADA-47AE-85A0-08A6EC48FAFB}.ReleaseLIB|Win32.Build.0 = Release|Win32
		{AAAD1CB5-7ADA-47AE-85A0-08A6EC48FAFB}.ReleaseLIB|x64.ActiveCfg = Release|x64
		{AAAD1CB5-7ADA-47AE-85A0-08A6EC48FAFB}.ReleaseLIB|x64.Build.0 = Release|x64
		{66B32F7E-5716-48D0-B5B9-D832FD052DD5}.DebugDLL|Win32.ActiveCfg = Debug|Win32
		{66B32F7E-5716-48D0-B5B9-D832FD052DD5}.DebugDLL|Win32.Build.0 = Debug|Win32
		{66B32F7E-5716-48D0-B5B9-D832FD052DD5}.DebugDLL|x64.ActiveCfg = Debug|x64
		{66B32F7E-5716-48D0-B5B9-D832FD052DD5}.DebugDLL|x64.Build.0 = Debug|x64
		{66B32F7E-5716-48D0-B5B9-D832FD052DD5}.DebugLIB|Win32.ActiveCfg = Debug|Win32
		{66B32F7E-5716-48D0-B5B9-D832FD052DD5}.DebugLIB|Win32.Build.0 = Debug|Win32
		{66B32F7E-5716-48D0-B5B9-D832FD052DD5}.DebugLIB|x64.ActiveCfg = Debug|x64
		{66B32F7E-5716-48D0-B5B9-D832FD052DD5}.DebugLIB|x64.Build.0 = Debug|x64
		{66B32F7E-5716-48D0-B5B9-D832FD052DD5}.ReleaseDLL|Win32.ActiveCfg = Release|Win32
		{66B32F7E-5716-48D0-B5B9-D832FD052DD5}.ReleaseDLL|Win32.Build.0 = Release|Win32
		{66B32F7E-5716-48D0-B5B9-D832FD052DD5}.ReleaseDLL|x64.ActiveCfg = Release|x64
		{66B32F7E-5716-48D0-B5B9-D832FD052DD5}.ReleaseDLL|x64.Build.0 = Release|x64
		{66B32F7E-5716-48D0-B5B9-D832FD052DD5}.ReleaseLIB|Win32.ActiveCfg = Release|Win32
		{66B32F7E-5716-48D0-B5B9-D832FD052DD5}.ReleaseLIB|Win32.Build.0 = Release|Win32
		{66B32F7E-5716-48D0-B5B9-D832FD052DD5}.ReleaseLIB|x64.ActiveCfg = Release|x64
		{66B32F7E-5716-48D0-B5B9-D832FD052DD5}.ReleaseLIB|x64.Build.0 = Release|x64
		{9C7E8C03-3130-436D-A97E-E8F8ED1AC4EA}.DebugDLL|Win32.ActiveCfg = Debug|Win32
		{9C7E8C03-3130-436D-A97E-E8F8ED1AC4EA}.DebugDLL|Win32.Build.0 = Debug|Win32
		{9C7E8C03-3130-436D-A97E-E8F8ED1AC4EA}.DebugDLL|x64.ActiveCfg = Debug|x64
		{9C7E8C03-3130-436D-A97E-E8F8ED1AC4EA}.DebugDLL|x64.Build.0 = Debug|x64
		{9C7E8C03-3130-436D-A97E-E8F8ED1AC4EA}.DebugLIB|Win32.ActiveCfg = Debug|Win32
		{9C7E8C03-3130-436D-A97E-E8F8ED1AC4EA}.DebugLIB|Win32.Build.0 = Debug|Win32
		{9C7E8C03-3130-436D-A97E-E8F8ED1AC4EA}.DebugLIB|x64.ActiveCfg = Debug|x64
		{9C7E8C03-3130-436D-A97E-E8F8ED1AC4EA}.DebugLIB|x64.Build.0 = Debug|x64
		{9C7E8C03-3130-436D-A97E-E8F8ED1AC4EA}.ReleaseDLL|Win32.ActiveCfg = Release|Win32
		{9C7E8C03-3130-436D-A97E-E8F8ED1AC4EA}.ReleaseDLL|Win32.Build.0 = Release|Win32
		{9C7E8C03-3130-436D-A97E-E8F8ED1AC4EA}.ReleaseDLL|x64.ActiveCfg = Release|x64
		{9C7E8C03-3130-436D-A97E-E8F8ED1AC4EA}.ReleaseDLL|x64.Build.0 = Release|x64
		{9C7E8C03-3130-436D-A97E-E8F8ED1AC4EA}.ReleaseLIB|Win32.ActiveCfg = Release|Win32
		{9C7E8C03-3130-436D-A97E-E8F8ED1AC4EA}.ReleaseLIB|Win32.Build.0 = Release|Win32
		{9C7E8C03-3130-436D-A97E-E8F8ED1AC4EA}.ReleaseLIB|x64.ActiveCfg = Release|x64
		{9C7E8C03-3130-436D-A97E-E8F8ED1AC4EA}.ReleaseLIB|x64.Build.0 = Release|x64
		{8682FE1E-0CF6-4EDD-9BB5-1733D8C8B4DF}.DebugDLL|Win32.ActiveCfg = Debug|Win32
		{8682FE1E-0CF6-4EDD-9BB5-1733D8C8B4DF}.DebugDLL|Win32.Build.0 = Debug|Win32
		{8682FE1E-0CF6-4EDD-9BB5-1733D8C8B4DF}.DebugDLL|x64.ActiveCfg = Debug|x64
		{8682FE1E-0CF6-4EDD-9BB5-1733D8C8B4DF}.DebugDLL|x64.Build.0 = Debug|x64
		{8682FE1E-0CF6-4EDD-9BB5-1733D8C8B4DF}.DebugLIB|Win32.ActiveCfg = Debug|Win32
		{8682FE1E-0CF6-4EDD-9BB5-1733D8C8B4DF}.DebugLIB|Win32.Build.0 = Debug|Win32
		{8682FE1E-0CF6-4EDD-9BB5-1733D8C8B4DF}.DebugLIB|x64.ActiveCfg = Debug|x64
		{8682FE1E-0CF6-4EDD-9BB5-1733D8C8B4DF}.DebugLIB|x64.Build.0 = Debug|x64
		{8682FE1E-0CF6-4EDD-9BB5-1733D8C8B4DF}.ReleaseDLL|Win32.ActiveCfg = Release|Win32
		{8682FE1E-0CF6-4EDD-9BB5-1733D8C8B4DF}.ReleaseDLL|Win32.Build.0 = Release|Win32
		{8682FE1E-0CF6-4EDD-9BB5-1733D8C8B4DF}.ReleaseDLL|x64.ActiveCfg = Release|x64
		{8682FE1E-0CF6-4EDD-9BB5-1733D8C8B4DF}.ReleaseDLL|x64.Build.0 = Release|x64
		{8682FE1E-0CF6-4EDD-9BB5-1733D8C8B4DF}.ReleaseLIB|Win32.ActiveCfg = Release|Win32
		{8682FE1E-0CF6-4EDD-9BB5-1733D8C8B4DF}.ReleaseLIB|Win32.Build.0 = Release|Win32
		{8682FE1E-0CF6-4EDD-9BB5-1733D8C8B4DF}.ReleaseLIB|x64.ActiveCfg = Release|x64
		{8682FE1E-0CF6-4EDD-9BB5-1733D8C8B4DF}.ReleaseLIB|x64.Build.0 = Release|x64
		{CAE4F1D0-314F-4B10-805B-0EFD670133A0}.DebugDLL|Win32.ActiveCfg = Debug|Win32
		{CAE4F1D0-314F-4B10-805B-0EFD670133A0}.DebugDLL|Win32.Build.0 = Debug|Win32
		{CAE4F1D0-314F-4B10-805B-0EFD670133A0}.DebugDLL|x64.ActiveCfg = Debug|x64
		{CAE4F1D0-314F-4B10-805B-0EFD670133A0}.DebugDLL|x64.Build.0 = Debug|x64
		{CAE4F1D0-314F-4B10-805B-0EFD670133A0}.DebugLIB|Win32.ActiveCfg = Debug|Win32
		{CAE4F1D0-314F-4B10-805B-0EFD670133A0}.DebugLIB|Win32.Build.0 = Debug|Win32
		{CAE4F1D0-314F-4B10-805B-0EFD670133A0}.DebugLIB|x64.ActiveCfg = Debug|x64
		{CAE4F1D0-314F-4B10-805B-0EFD670133A0}.DebugLIB|x64.Build.0 = Debug|x64
		{CAE4F1D0-314F-4B10-805B-0EFD670133A0}.ReleaseDLL|Win32.ActiveCfg = Release|Win32
		{CAE4F1D0-314F-4B10-805B-0EFD670133A0}.ReleaseDLL|Win32.Build.0 = Release|Win32
		{CAE4F1D0-314F-4B10-805B-0EFD670133A0}.ReleaseDLL|x64.ActiveCfg = Release|x64
		{CAE4F1D0-314F-4B10-805B-0EFD670133A0}.ReleaseDLL|x64.Build.0 = Release|x64
		{CAE4F1D0-314F-4B10-805B-0EFD670133A0}.ReleaseLIB|Win32.ActiveCfg = Release|Win32
		{CAE4F1D0-314F-4B10-805B-0EFD670133A0}.ReleaseLIB|Win32.Build.0 = Release|Win32
		{CAE4F1D0-314F-4B10-805B-0EFD670133A0}.ReleaseLIB|x64.ActiveCfg = Release|x64
		{CAE4F1D0-314F-4B10-805B-0EFD670133A0}.ReleaseLIB|x64.Build.0 = Release|x64
		{79CEE57E-1BC3-4FF6-90B3-9E39763CDAFF}.DebugDLL|Win32.ActiveCfg = Debug|Win32
		{79CEE57E-1BC3-4FF6-90B3-9E39763CDAFF}.DebugDLL|Win32.Build.0 = Debug|Win32
		{79CEE57E-1BC3-4FF6-90B3-9E39763CDAFF}.DebugDLL|x64.ActiveCfg = Debug|x64
		{79CEE57E-1BC3-4FF6-90B3-9E39763CDAFF}.DebugDLL|x64.Build.0 = Debug|x64
		{79CEE57E-1BC3-4FF6-90B3-9E39763CDAFF}.DebugLIB|Win32.ActiveCfg = Debug|Win32
		{79CEE57E-1BC3-4FF6-90B3-9E39763CDAFF}.DebugLIB|Win32.Build.0 = Debug|Win32
		{79CEE57E-1BC3-4FF6-90B3-9E39763CDAFF}.DebugLIB|x64.ActiveCfg = Debug|x64
		{79CEE57E-1BC3-4FF6-90B3-9E39763CDAFF}.DebugLIB|x64.Build.0 = Debug|x64
		{79CEE57E-1BC3-4FF6-90B3-9E39763CDAFF}.ReleaseDLL|Win32.ActiveCfg = Release|Win32
		{79CEE57E-1BC3-4FF6-90B3-9E39763CDAFF}.ReleaseDLL|Win32.Build.0 = Release|Win32
		{79CEE57E-1BC3-4FF6-90B3-9E39763CDAFF}.ReleaseDLL|x64.ActiveCfg = Release|x64
		{79CEE57E-1BC3-4FF6-90B3-9E39763CDAFF}.ReleaseDLL|x64.Build.0 = Release|x64
		{79CEE57E-1BC3-4FF6-90B3-9E39763CDAFF}.ReleaseLIB|Win32.ActiveCfg = Release|Win32
		{79CEE57E-1BC3-4FF6-90B3-9E39763CDAFF}.ReleaseLIB|Win32.Build.0 = Release|Win32
		{79CEE57E-1BC3-4FF6-90B3-9E39763CDAFF}.ReleaseLIB|x64.ActiveCfg = Release|x64
		{79CEE57E-1BC3-4FF6-90B3-9E39763CDAFF}.ReleaseLIB|x64.Build.0 = Release|x64
		{8B5CFB38-CCBA-40A8-AD7A-89C57B070884}.DebugDLL|Win32.ActiveCfg = Debug|Win32
		{8B5CFB38-CCBA-40A8-AD7A-89C57B070884}.DebugDLL|Win32.Build.0 = Debug|Win32
		{8B5CFB38-CCBA-40A8-AD7A-89C57B070884}.DebugDLL|x64.ActiveCfg = Debug|x64
		{8B5CFB38-CCBA-40A8-AD7A-89C57B070884}.DebugDLL|x64.Build.0 = Debug|x64
		{8B5CFB38-CCBA-40A8-AD7A-89C57B070884}.DebugLIB|Win32.ActiveCfg = Debug|Win32
		{8B5CFB38-CCBA-40A8-AD7A-89C57B070884}.DebugLIB|Win32.Build.0 = Debug|Win32
		{8B5CFB38-CCBA-40A8-AD7A-89C57B070884}.DebugLIB|x64.ActiveCfg = Debug|x64
		{8B5CFB38-CCBA-40A8-AD7A-89C57B070884}.DebugLIB|x64.Build.0 = Debug|x64
		{8B5CFB38-CCBA-40A8-AD7A-89C57B070884}.ReleaseDLL|Win32.ActiveCfg = Release|Win32
		{8B5CFB38-CCBA-40A8-AD7A-89C57B070884}.ReleaseDLL|Win32.Build.0 = Release|Win32
		{8B5CFB38-CCBA-40A8-AD7A-89C57B070884}.ReleaseDLL|x64.ActiveCfg = Release|x64
		{8B5CFB38-CCBA-40A8-AD7A-89C57B070884}.ReleaseDLL|x64.Build.0 = Release|x64
		{8B5CFB38-CCBA-40A8-AD7A-89C57B070884}.ReleaseLIB|Win32.ActiveCfg = Release|Win32
		{8B5CFB38-CCBA-40A8-AD7A-89C57B070884}.ReleaseLIB|Win32.Build.0 = Release|Win32
		{8B5CFB38-CCBA-40A8-AD7A-89C57B070884}.ReleaseLIB|x64.ActiveCfg = Release|x64
		{8B5CFB38-CCBA-40A8-AD7A-89C57B070884}.ReleaseLIB|x64.Build.0 = Release|x64
		{55812185-D13C-4022-9C81-32E0F4A08304}.DebugDLL|Win32.ActiveCfg = Debug|Win32
		{55812185-D13C-4022-9C81-32E0F4A08304}.DebugDLL|Win32.Build.0 = Debug|Win32
		{55812185-D13C-4022-9C81-32E0F4A08304}.DebugDLL|x64.ActiveCfg = Debug|x64
		{55812185-D13C-4022-9C81-32E0F4A08304}.DebugDLL|x64.Build.0 = Debug|x64
		{55812185-D13C-4022-9C81-32E0F4A08304}.DebugLIB|Win32.ActiveCfg = Debug|Win32
		{55812185-D13C-4022-9C81-32E0F4A08304}.DebugLIB|Win32.Build.0 = Debug|Win32
		{55812185-D13C-4022-9C81-32E0F4A08304}.DebugLIB|x64.ActiveCfg = Debug|x64
		{55812185-D13C-4022-9C81-32E0F4A08304}.DebugLIB|x64.Build.0 = Debug|x64
		{55812185-D13C-4022-9C81-32E0F4A08304}.ReleaseDLL|Win32.ActiveCfg = Release|Win32
		{55812185-D13C-4022-9C81-32E0F4A08304}.ReleaseDLL|Win32.Build.0 = Release|Win32
		{55812185-D13C-4022-9C81-32E0F4A08304}.ReleaseDLL|x64.ActiveCfg = Release|x64
		{55812185-D13C-4022-9C81-32E0F4A08304}.ReleaseDLL|x64.Build.0 = Release|x64
		{55812185-D13C-4022-9C81-32E0F4A08304}.ReleaseLIB|Win32.ActiveCfg = Release|Win32
		{55812185-D13C-4022-9C81-32E0F4A08304}.ReleaseLIB|Win32.Build.0 = Release|Win32
		{55812185-D13C-4022-9C81-32E0F4A08304}.ReleaseLIB|x64.ActiveCfg = Release|x64
		{55812185-D13C-4022-9C81-32E0F4A08304}.ReleaseLIB|x64.Build.0 = Release|x64
		{B51E0D74-F0A2-45A2-BD2A-8B7D95B8204A}.DebugDLL|Win32.ActiveCfg = Debug|Win32
		{B51E0D74-F0A2-45A2-BD2A-8B7D95B8204A}.DebugDLL|Win32.Build.0 = Debug|Win32
		{B51E0D74-F0A2-45A2-BD2A-8B7D95B8204A}.DebugDLL|x64.ActiveCfg = Debug|x64
		{B51E0D74-F0A2-45A2-BD2A-8B7D95B8204A}.DebugDLL|x64.Build.0 = Debug|x64
		{B51E0D74-F0A2-45A2-BD2A-8B7D95B8204A}.DebugLIB|Win32.ActiveCfg = Debug|Win32
		{B51E0D74-F0A2-45A2-BD2A-8B7D95B8204A}.DebugLIB|Win32.Build.0 = Debug|Win32
		{B51E0D74-F0A2-45A2-BD2A-8B7D95B8204A}.DebugLIB|x64.ActiveCfg = Debug|x64
		{B51E0D74-F0A2-45A2-BD2A-8B7D95B8204A}.DebugLIB|x64.Build.0 = Debug|x64
		{B51E0D74-F0A2-45A2-BD2A-8B7D95B8204A}.ReleaseDLL|Win32.ActiveCfg = Release|Win32
		{B51E0D74-F0A2-45A2-BD2A-8B7D95B8204A}.ReleaseDLL|Win32.Build.0 = Release|Win32
		{B51E0D74-F0A2-45A2-BD2A-8B7D95B8204A}.ReleaseDLL|x64.ActiveCfg = Release|x64
		{B51E0D74-F0A2-45A2-BD2A-8B7D95B8204A}.ReleaseDLL|x64.Build.0 = Release|x64
		{B51E0D74-F0A2-45A2-BD2A-8B7D95B8204A}.ReleaseLIB|Win32.ActiveCfg = Release|Win32
		{B51E0D74-F0A2-45A2-BD2A-8B7D95B8204A}.ReleaseLIB|Win32.Build.0 = Release|Win32
		{B51E0D74-F0A2-45A2-BD2A-8B7D95B8204A}.ReleaseLIB|x64.ActiveCfg = Release|x64
		{B51E0D74-F0A2-45A2-BD2A-8B7D95B8204A}.ReleaseLIB|x64.Build.0 = Release|x64
		{26932B24-EFC6-4E3A-B277-ED653DA37968}.DebugDLL|Win32.ActiveCfg = Debug|Win32
		{26932B24-EFC6-4E3A-B277-ED653DA37968}.DebugDLL|Win32.Build.0 = Debug|Win32
		{26932B24-EFC6-4E3A-B277-ED653DA37968}.DebugDLL|x64.ActiveCfg = Debug|x64
		{26932B24-EFC6-4E3A-B277-ED653DA37968}.DebugDLL|x64.Build.0 = Debug|x64
		{26932B24-EFC6-4E3A-B277-ED653DA37968}.DebugLIB|Win32.ActiveCfg = Debug|Win32
		{26932B24-EFC6-4E3A-B277-ED653DA37968}.DebugLIB|Win32.Build.0 = Debug|Win32
		{26932B24-EFC6-4E3A-B277-ED653DA37968}.DebugLIB|x64.ActiveCfg = Debug|x64
		{26932B24-EFC6-4E3A-B277-ED653DA37968}.DebugLIB|x64.Build.0 = Debug|x64
		{26932B24-EFC6-4E3A-B277-ED653DA37968}.ReleaseDLL|Win32.ActiveCfg = Release|Win32
		{26932B24-EFC6-4E3A-B277-ED653DA37968}.ReleaseDLL|Win32.Build.0 = Release|Win32
		{26932B24-EFC6-4E3A-B277-ED653DA37968}.ReleaseDLL|x64.ActiveCfg = Release|x64
		{26932B24-EFC6-4E3A-B277-ED653DA37968}.ReleaseDLL|x64.Build.0 = Release|x64
		{26932B24-EFC6-4E3A-B277-ED653DA37968}.ReleaseLIB|Win32.ActiveCfg = Release|Win32
		{26932B24-EFC6-4E3A-B277-ED653DA37968}.ReleaseLIB|Win32.Build.0 = Release|Win32
		{26932B24-EFC6-4E3A-B277-ED653DA37968}.ReleaseLIB|x64.ActiveCfg = Release|x64
		{26932B24-EFC6-4E3A-B277-ED653DA37968}.ReleaseLIB|x64.Build.0 = Release|x64
		{C4E04D18-EF76-4B42-B4C2-16A1BACDC0A3}.DebugDLL|Win32.ActiveCfg = Debug|Win32
		{C4E04D18-EF76-4B42-B4C2-16A1BACDC0A3}.DebugDLL|Win32.Build.0 = Debug|Win32
		{C4E04D18-EF76-4B42-B4C2-16A1BACDC0A3}.DebugDLL|x64.ActiveCfg = Debug|x64
		{C4E04D18-EF76-4B42-B4C2-16A1BACDC0A3}.DebugDLL|x64.Build.0 = Debug|x64
		{C4E04D18-EF76-4B42-B4C2-16A1BACDC0A3}.DebugLIB|Win32.ActiveCfg = Debug|Win32
		{C4E04D18-EF76-4B42-B4C2-16A1BACDC0A3}.DebugLIB|Win32.Build.0 = Debug|Win32
		{C4E04D18-EF76-4B42-B4C2-16A1BACDC0A3}.DebugLIB|x64.ActiveCfg = Debug|x64
		{C4E04D18-EF76-4B42-B4C2-16A1BACDC0A3}.DebugLIB|x64.Build.0 = Debug|x64
		{C4E04D18-EF76-4B42-B4C2-16A1BACDC0A3}.ReleaseDLL|Win32.ActiveCfg = Release|Win32
		{C4E04D18-EF76-4B42-B4C2-16A1BACDC0A3}.ReleaseDLL|Win32.Build.0 = Release|Win32
		{C4E04D18-EF76-4B42-B4C2-16A1BACDC0A3}.ReleaseDLL|x64.ActiveCfg = Release|x64
		{C4E04D18-EF76-4B42-B4C2-16A1BACDC0A3}.ReleaseDLL|x64.Build.0 = Release|x64
		{C4E04D18-EF76-4B42-B4C2-16A1BACDC0A3}.ReleaseLIB|Win32.ActiveCfg = Release|Win32
		{C4E04D18-EF76-4B42-B4C2-16A1BACDC0A3}.ReleaseLIB|Win32.Build.0 = Release|Win32
		{C4E04D18-EF76-4B42-B4C2-16A1BACDC0A3}.ReleaseLIB|x64.ActiveCfg = Release|x64
		{C4E04D18-EF76-4B42-B4C2-16A1BACDC0A3}.ReleaseLIB|x64.Build.0 = Release|x64
		{2D17C1EB-1157-460E-9A99-A82BFC1F9D1E}.DebugDLL|Win32.ActiveCfg = Debug|Win32
		{2D17C1EB-1157-460E-9A99-A82BFC1F9D1E}.DebugDLL|Win32.Build.0 = Debug|Win32
		{2D17C1EB-1157-460E-9A99-A82BFC1F9D1E}.DebugDLL|x64.ActiveCfg = Debug|x64
		{2D17C1EB-1157-460E-9A99-A82BFC1F9D1E}.DebugDLL|x64.Build.0 = Debug|x64
		{2D17C1EB-1157-460E-9A99-A82BFC1F9D1E}.DebugLIB|Win32.ActiveCfg = Debug|Win32
		{2D17C1EB-1157-460E-9A99-A82BFC1F9D1E}.DebugLIB|Win32.Build.0 = Debug|Win32
		{2D17C1EB-1157-460E-9A99-A82BFC1F9D1E}.DebugLIB|x64.ActiveCfg = Debug|x64
		{2D17C1EB-1157-460E-9A99-A82BFC1F9D1E}.DebugLIB|x64.Build.0 = Debug|x64
		{2D17C1EB-1157-460E-9A99-A82BFC1F9D1E}.ReleaseDLL|Win32.ActiveCfg = Release|Win32
		{2D17C1EB-1157-460E-9A99-A82BFC1F9D1E}.ReleaseDLL|Win32.Build.0 = Release|Win32
		{2D17C1EB-1157-460E-9A99-A82BFC1F9D1E}.ReleaseDLL|x64.ActiveCfg = Release|x64
		{2D17C1EB-1157-460E-9A99-A82BFC1F9D1E}.ReleaseDLL|x64.Build.0 = Release|x64
		{2D17C1EB-1157-460E-9A99-A82BFC1F9D1E}.ReleaseLIB|Win32.ActiveCfg = Release|Win32
		{2D17C1EB-1157-460E-9A99-A82BFC1F9D1E}.ReleaseLIB|Win32.Build.0 = Release|Win32
		{2D17C1EB-1157-460E-9A99-A82BFC1F9D1E}.ReleaseLIB|x64.ActiveCfg = Release|x64
		{2D17C1EB-1157-460E-9A99-A82BFC1F9D1E}.ReleaseLIB|x64.Build.0 = Release|x64
		{BFF40245-E9A6-4297-A425-A554E5D767E8}.DebugDLL|Win32.ActiveCfg = Debug|Win32
		{BFF40245-E9A6-4297-A425-A554E5D767E8}.DebugDLL|Win32.Build.0 = Debug|Win32
		{BFF40245-E9A6-4297-A425-A554E5D767E8}.DebugDLL|x64.ActiveCfg = Debug|x64
		{BFF40245-E9A6-4297-A425-A554E5D767E8}.DebugDLL|x64.Build.0 = Debug|x64
		{BFF40245-E9A6-4297-A425-A554E5D767E8}.DebugLIB|Win32.ActiveCfg = Debug|Win32
		{BFF40245-E9A6-4297-A425-A554E5D767E8}.DebugLIB|Win32.Build.0 = Debug|Win32
		{BFF40245-E9A6-4297-A425-A554E5D767E8}.DebugLIB|x64.ActiveCfg = Debug|x64
		{BFF40245-E9A6-4297-A425-A554E5D767E8}.DebugLIB|x64.Build.0 = Debug|x64
		{BFF40245-E9A6-4297-A425-A554E5D767E8}.ReleaseDLL|Win32.ActiveCfg = Release|Win32
		{BFF40245-E9A6-4297-A425-A554E5D767E8}.ReleaseDLL|Win32.Build.0 = Release|Win32
		{BFF40245-E9A6-4297-A425-A554E5D767E8}.ReleaseDLL|x64.ActiveCfg = Release|x64
		{BFF40245-E9A6-4297-A425-A554E5D767E8}.ReleaseDLL|x64.Build.0 = Release|x64
		{BFF40245-E9A6-4297-A425-A554E5D767E8}.ReleaseLIB|Win32.ActiveCfg = Release|Win32
		{BFF40245-E9A6-4297-A425-A554E5D767E8}.ReleaseLIB|Win32.Build.0 = Release|Win32
		{BFF40245-E9A6-4297-A425-A554E5D767E8}.ReleaseLIB|x64.ActiveCfg = Release|x64
		{BFF40245-E9A6-4297-A425-A554E5D767E8}.ReleaseLIB|x64.Build.0 = Release|x64
		{5D0930C0-7C91-4ECE-9014-7B7DDE9502E6}.DebugDLL|Win32.ActiveCfg = Debug|Win32
		{5D0930C0-7C91-4ECE-9014-7B7DDE9502E6}.DebugDLL|Win32.Build.0 = Debug|Win32
		{5D0930C0-7C91-4ECE-9014-7B7DDE9502E6}.DebugDLL|x64.ActiveCfg = Debug|x64
		{5D0930C0-7C91-4ECE-9014-7B7DDE9502E6}.DebugDLL|x64.Build.0 = Debug|x64
		{5D0930C0-7C91-4ECE-9014-7B7DDE9502E6}.DebugLIB|Win32.ActiveCfg = Debug|Win32
		{5D0930C0-7C91-4ECE-9014-7B7DDE9502E6}.DebugLIB|Win32.Build.0 = Debug|Win32
		{5D0930C0-7C91-4ECE-9014-7B7DDE9502E6}.DebugLIB|x64.ActiveCfg = Debug|x64
		{5D0930C0-7C91-4ECE-9014-7B7DDE9502E6}.DebugLIB|x64.Build.0 = Debug|x64
		{5D0930C0-7C91-4ECE-9014-7B7DDE9502E6}.ReleaseDLL|Win32.ActiveCfg = Release|Win32
		{5D0930C0-7C91-4ECE-9014-7B7DDE9502E6}.ReleaseDLL|Win32.Build.0 = Release|Win32
		{5D0930C0-7C91-4ECE-9014-7B7DDE9502E6}.ReleaseDLL|x64.ActiveCfg = Release|x64
		{5D0930C0-7C91-4ECE-9014-7B7DDE9502E6}.ReleaseDLL|x64.Build.0 = Release|x64
		{5D0930C0-7C91-4ECE-9014-7B7DDE9502E6}.ReleaseLIB|Win32.ActiveCfg = Release|Win32
		{5D0930C0-7C91-4ECE-9014-7B7DDE9502E6}.ReleaseLIB|Win32.Build.0 = Release|Win32
		{5D0930C0-7C91-4ECE-9014-7B7DDE9502E6}.ReleaseLIB|x64.ActiveCfg = Release|x64
		{5D0930C0-7C91-4ECE-9014-7B7DDE9502E6}.ReleaseLIB|x64.Build.0 = Release|x64
		{31A3E4E1-AAE9-4EF3-9B23-18D0924BE4D2}.DebugDLL|Win32.ActiveCfg = Debug|Win32
		{31A3E4E1-AAE9-4EF3-9B23-18D0924BE4D2}.DebugDLL|Win32.Build.0 = Debug|Win32
		{31A3E4E1-AAE9-4EF3-9B23-18D0924BE4D2}.DebugDLL|x64.ActiveCfg = Debug|x64
		{31A3E4E1-AAE9-4EF3-9B23-18D0924BE4D2}.DebugDLL|x64.Build.0 = Debug|x64
		{31A3E4E1-AAE9-4EF3-9B23-18D0924BE4D2}.DebugLIB|Win32.ActiveCfg = Debug|Win32
		{31A3E4E1-AAE9-4EF3-9B23-18D0924BE4D2}.DebugLIB|Win32.Build.0 = Debug|Win32
		{31A3E4E1-AAE9-4EF3-9B23-18D0924BE4D2}.DebugLIB|x64.ActiveCfg = Debug|x64
		{31A3E4E1-AAE9-4EF3-9B23-18D0924BE4D2}.DebugLIB|x64.Build.0 = Debug|x64
		{31A3E4E1-AAE9-4EF3-9B23-18D0924BE4D2}.ReleaseDLL|Win32.ActiveCfg = Release|Win32
		{31A3E4E1-AAE9-4EF3-9B23-18D0924BE4D2}.ReleaseDLL|Win32.Build.0 = Release|Win32
		{31A3E4E1-AAE9-4EF3-9B23-18D0924BE4D2}.ReleaseDLL|x64.ActiveCfg = Release|x64
		{31A3E4E1-AAE9-4EF3-9B23-18D0924BE4D2}.ReleaseDLL|x64.Build.0 = Release|x64
		{31A3E4E1-AAE9-4EF3-9B23-18D0924BE4D2}.ReleaseLIB|Win32.ActiveCfg = Release|Win32
		{31A3E4E1-AAE9-4EF3-9B23-18D0924BE4D2}.ReleaseLIB|Win32.Build.0 = Release|Win32
		{31A3E4E1-AAE9-4EF3-9B23-18D0924BE4D2}.ReleaseLIB|x64.ActiveCfg = Release|x64
		{31A3E4E1-AAE9-4EF3-9B23-18D0924BE4D2}.ReleaseLIB|x64.Build.0 = Release|x64
		{40FB7794-D3C3-4CFE-BCF4-A80C96635682}.DebugDLL|Win32.ActiveCfg = Debug|Win32
		{40FB7794-D3C3-4CFE-BCF4-A80C96635682}.DebugDLL|Win32.Build.0 = Debug|Win32
		{40FB7794-D3C3-4CFE-BCF4-A80C96635682}.DebugDLL|x64.ActiveCfg = Debug|x64
		{40FB7794-D3C3-4CFE-BCF4-A80C96635682}.DebugDLL|x64.Build.0 = Debug|x64
		{40FB7794-D3C3-4CFE-BCF4-A80C96635682}.DebugLIB|Win32.ActiveCfg = Debug|Win32
		{40FB7794-D3C3-4CFE-BCF4-A80C96635682}.DebugLIB|Win32.Build.0 = Debug|Win32
		{40FB7794-D3C3-4CFE-BCF4-A80C96635682}.DebugLIB|x64.ActiveCfg = Debug|x64
		{40FB7794-D3C3-4CFE-BCF4-A80C96635682}.DebugLIB|x64.Build.0 = Debug|x64
		{40FB7794-D3C3-4CFE-BCF4-A80C96635682}.ReleaseDLL|Win32.ActiveCfg = Release|Win32
		{40FB7794-D3C3-4CFE-BCF4-A80C96635682}.ReleaseDLL|Win32.Build.0 = Release|Win32
		{40FB7794-D3C3-4CFE-BCF4-A80C96635682}.ReleaseDLL|x64.ActiveCfg = Release|x64
		{40FB7794-D3C3-4CFE-BCF4-A80C96635682}.ReleaseDLL|x64.Build.0 = Release|x64
		{40FB7794-D3C3-4CFE-BCF4-A80C96635682}.ReleaseLIB|Win32.ActiveCfg = Release|Win32
		{40FB7794-D3C3-4CFE-BCF4-A80C96635682}.ReleaseLIB|Win32.Build.0 = Release|Win32
		{40FB7794-D3C3-4CFE-BCF4-A80C96635682}.ReleaseLIB|x64.ActiveCfg = Release|x64
		{40FB7794-D3C3-4CFE-BCF4-A80C96635682}.ReleaseLIB|x64.Build.0 = Release|x64
		{DA956FD3-E143-46F2-9FE5-C77BEBC56B1A}.DebugDLL|Win32.ActiveCfg = Debug|Win32
		{DA956FD3-E143-46F2-9FE5-C77BEBC56B1A}.DebugDLL|Win32.Build.0 = Debug|Win32
		{DA956FD3-E143-46F2-9FE5-C77BEBC56B1A}.DebugDLL|x64.ActiveCfg = Debug|x64
		{DA956FD3-E143-46F2-9FE5-C77BEBC56B1A}.DebugDLL|x64.Build.0 = Debug|x64
		{DA956FD3-E143-46F2-9FE5-C77BEBC56B1A}.DebugLIB|Win32.ActiveCfg = Debug|Win32
		{DA956FD3-E143-46F2-9FE5-C77BEBC56B1A}.DebugLIB|Win32.Build.0 = Debug|Win32
		{DA956FD3-E143-46F2-9FE5-C77BEBC56B1A}.DebugLIB|x64.ActiveCfg = Debug|x64
		{DA956FD3-E143-46F2-9FE5-C77BEBC56B1A}.DebugLIB|x64.Build.0 = Debug|x64
		{DA956FD3-E143-46F2-9FE5-C77BEBC56B1A}.ReleaseDLL|Win32.ActiveCfg = Release|Win32
		{DA956FD3-E143-46F2-9FE5-C77BEBC56B1A}.ReleaseDLL|Win32.Build.0 = Release|Win32
		{DA956FD3-E143-46F2-9FE5-C77BEBC56B1A}.ReleaseDLL|x64.ActiveCfg = Release|x64
		{DA956FD3-E143-46F2-9FE5-C77BEBC56B1A}.ReleaseDLL|x64.Build.0 = Release|x64
		{DA956FD3-E143-46F2-9FE5-C77BEBC56B1A}.ReleaseLIB|Win32.ActiveCfg = Release|Win32
		{DA956FD3-E143-46F2-9FE5-C77BEBC56B1A}.ReleaseLIB|Win32.Build.0 = Release|Win32
		{DA956FD3-E143-46F2-9FE5-C77BEBC56B1A}.ReleaseLIB|x64.ActiveCfg = Release|x64
		{DA956FD3-E143-46F2-9FE5-C77BEBC56B1A}.ReleaseLIB|x64.Build.0 = Release|x64
		{55812185-D13C-4022-9C81-32E0F4A08305}.DebugDLL|Win32.ActiveCfg = Debug|Win32
		{55812185-D13C-4022-9C81-32E0F4A08305}.DebugDLL|Win32.Build.0 = Debug|Win32
		{55812185-D13C-4022-9C81-32E0F4A08305}.DebugDLL|x64.ActiveCfg = Debug|x64
		{55812185-D13C-4022-9C81-32E0F4A08305}.DebugDLL|x64.Build.0 = Debug|x64
		{55812185-D13C-4022-9C81-32E0F4A08305}.DebugLIB|Win32.ActiveCfg = Debug|Win32
		{55812185-D13C-4022-9C81-32E0F4A08305}.DebugLIB|Win32.Build.0 = Debug|Win32
		{55812185-D13C-4022-9C81-32E0F4A08305}.DebugLIB|x64.ActiveCfg = Debug|x64
		{55812185-D13C-4022-9C81-32E0F4A08305}.DebugLIB|x64.Build.0 = Debug|x64
		{55812185-D13C-4022-9C81-32E0F4A08305}.ReleaseDLL|Win32.ActiveCfg = Release|Win32
		{55812185-D13C-4022-9C81-32E0F4A08305}.ReleaseDLL|Win32.Build.0 = Release|Win32
		{55812185-D13C-4022-9C81-32E0F4A08305}.ReleaseDLL|x64.ActiveCfg = Release|x64
		{55812185-D13C-4022-9C81-32E0F4A08305}.ReleaseDLL|x64.Build.0 = Release|x64
		{55812185-D13C-4022-9C81-32E0F4A08305}.ReleaseLIB|Win32.ActiveCfg = Release|Win32
		{55812185-D13C-4022-9C81-32E0F4A08305}.ReleaseLIB|Win32.Build.0 = Release|Win32
		{55812185-D13C-4022-9C81-32E0F4A08305}.ReleaseLIB|x64.ActiveCfg = Release|x64
		{55812185-D13C-4022-9C81-32E0F4A08305}.ReleaseLIB|x64.Build.0 = Release|x64
		{E9558DFE-1961-4DD4-B09B-DD0EEFD5C315}.DebugDLL|Win32.ActiveCfg = Debug|Win32
		{E9558DFE-1961-4DD4-B09B-DD0EEFD5C315}.DebugDLL|Win32.Build.0 = Debug|Win32
		{E9558DFE-1961-4DD4-B09B-DD0EEFD5C315}.DebugDLL|x64.ActiveCfg = Debug|x64
		{E9558DFE-1961-4DD4-B09B-DD0EEFD5C315}.DebugDLL|x64.Build.0 = Debug|x64
		{E9558DFE-1961-4DD4-B09B-DD0EEFD5C315}.DebugLIB|Win32.ActiveCfg = Debug|Win32
		{E9558DFE-1961-4DD4-B09B-DD0EEFD5C315}.DebugLIB|Win32.Build.0 = Debug|Win32
		{E9558DFE-1961-4DD4-B09B-DD0EEFD5C315}.DebugLIB|x64.ActiveCfg = Debug|x64
		{E9558DFE-1961-4DD4-B09B-DD0EEFD5C315}.DebugLIB|x64.Build.0 = Debug|x64
		{E9558DFE-1961-4DD4-B09B-DD0EEFD5C315}.ReleaseDLL|Win32.ActiveCfg = Release|Win32
		{E9558DFE-1961-4DD4-B09B-DD0EEFD5C315}.ReleaseDLL|Win32.Build.0 = Release|Win32
		{E9558DFE-1961-4DD4-B09B-DD0EEFD5C315}.ReleaseDLL|x64.ActiveCfg = Release|x64
		{E9558DFE-1961-4DD4-B09B-DD0EEFD5C315}.ReleaseDLL|x64.Build.0 = Release|x64
		{E9558DFE-1961-4DD4-B09B-DD0EEFD5C315}.ReleaseLIB|Win32.ActiveCfg = Release|Win32
		{E9558DFE-1961-4DD4-B09B-DD0EEFD5C315}.ReleaseLIB|Win32.Build.0 = Release|Win32
		{E9558DFE-1961-4DD4-B09B-DD0EEFD5C315}.ReleaseLIB|x64.ActiveCfg = Release|x64
		{E9558DFE-1961-4DD4-B09B-DD0EEFD5C315}.ReleaseLIB|x64.Build.0 = Release|x64
		{55812185-D13C-4022-9C81-32E0F4A08306}.DebugDLL|Win32.ActiveCfg = Debug|Win32
		{55812185-D13C-4022-9C81-32E0F4A08306}.DebugDLL|Win32.Build.0 = Debug|Win32
		{55812185-D13C-4022-9C81-32E0F4A08306}.DebugDLL|x64.ActiveCfg = Debug|x64
		{55812185-D13C-4022-9C81-32E0F4A08306}.DebugDLL|x64.Build.0 = Debug|x64
		{55812185-D13C-4022-9C81-32E0F4A08306}.DebugLIB|Win32.ActiveCfg = Debug|Win32
		{55812185-D13C-4022-9C81-32E0F4A08306}.DebugLIB|Win32.Build.0 = Debug|Win32
		{55812185-D13C-4022-9C81-32E0F4A08306}.DebugLIB|x64.ActiveCfg = Debug|x64
		{55812185-D13C-4022-9C81-32E0F4A08306}.DebugLIB|x64.Build.0 = Debug|x64
		{55812185-D13C-4022-9C81-32E0F4A08306}.ReleaseDLL|Win32.ActiveCfg = Release|Win32
		{55812185-D13C-4022-9C81-32E0F4A08306}.ReleaseDLL|Win32.Build.0 = Release|Win32
		{55812185-D13C-4022-9C81-32E0F4A08306}.ReleaseDLL|x64.ActiveCfg = Release|x64
		{55812185-D13C-4022-9C81-32E0F4A08306}.ReleaseDLL|x64.Build.0 = Release|x64
		{55812185-D13C-4022-9C81-32E0F4A08306}.ReleaseLIB|Win32.ActiveCfg = Release|Win32
		{55812185-D13C-4022-9C81-32E0F4A08306}.ReleaseLIB|Win32.Build.0 = Release|Win32
		{55812185-D13C-4022-9C81-32E0F4A08306}.ReleaseLIB|x64.ActiveCfg = Release|x64
		{55812185-D13C-4022-9C81-32E0F4A08306}.ReleaseLIB|x64.Build.0 = Release|x64
		{0D604DFD-AAB6-442C-9368-F91A344146AB}.DebugDLL|Win32.ActiveCfg = Debug|Win32
		{0D604DFD-AAB6-442C-9368-F91A344146AB}.DebugDLL|Win32.Build.0 = Debug|Win32
		{0D604DFD-AAB6-442C-9368-F91A344146AB}.DebugDLL|x64.ActiveCfg = Debug|x64
		{0D604DFD-AAB6-442C-9368-F91A344146AB}.DebugDLL|x64.Build.0 = Debug|x64
		{0D604DFD-AAB6-442C-9368-F91A344146AB}.DebugLIB|Win32.ActiveCfg = Debug|Win32
		{0D604DFD-AAB6-442C-9368-F91A344146AB}.DebugLIB|Win32.Build.0 = Debug|Win32
		{0D604DFD-AAB6-442C-9368-F91A344146AB}.DebugLIB|x64.ActiveCfg = Debug|x64
		{0D604DFD-AAB6-442C-9368-F91A344146AB}.DebugLIB|x64.Build.0 = Debug|x64
		{0D604DFD-AAB6-442C-9368-F91A344146AB}.ReleaseDLL|Win32.ActiveCfg = Release|Win32
		{0D604DFD-AAB6-442C-9368-F91A344146AB}.ReleaseDLL|Win32.Build.0 = Release|Win32
		{0D604DFD-AAB6-442C-9368-F91A344146AB}.ReleaseDLL|x64.ActiveCfg = Release|x64
		{0D604DFD-AAB6-442C-9368-F91A344146AB}.ReleaseDLL|x64.Build.0 = Release|x64
		{0D604DFD-AAB6-442C-9368-F91A344146AB}.ReleaseLIB|Win32.ActiveCfg = Release|Win32
		{0D604DFD-AAB6-442C-9368-F91A344146AB}.ReleaseLIB|Win32.Build.0 = Release|Win32
		{0D604DFD-AAB6-442C-9368-F91A344146AB}.ReleaseLIB|x64.ActiveCfg = Release|x64
		{0D604DFD-AAB6-442C-9368-F91A344146AB}.ReleaseLIB|x64.Build.0 = Release|x64
		{40FB7794-D3C3-4CFE-BCF4-A80C97635682}.DebugDLL|Win32.ActiveCfg = Debug|Win32
		{40FB7794-D3C3-4CFE-BCF4-A80C97635682}.DebugDLL|Win32.Build.0 = Debug|Win32
		{40FB7794-D3C3-4CFE-BCF4-A80C97635682}.DebugDLL|x64.ActiveCfg = Debug|x64
		{40FB7794-D3C3-4CFE-BCF4-A80C97635682}.DebugDLL|x64.Build.0 = Debug|x64
		{40FB7794-D3C3-4CFE-BCF4-A80C97635682}.DebugLIB|Win32.ActiveCfg = Debug|Win32
		{40FB7794-D3C3-4CFE-BCF4-A80C97635682}.DebugLIB|Win32.Build.0 = Debug|Win32
		{40FB7794-D3C3-4CFE-BCF4-A80C97635682}.DebugLIB|x64.ActiveCfg = Debug|x64
		{40FB7794-D3C3-4CFE-BCF4-A80C97635682}.DebugLIB|x64.Build.0 = Debug|x64
		{40FB7794-D3C3-4CFE-BCF4-A80C97635682}.ReleaseDLL|Win32.ActiveCfg = Release|Win32
		{40FB7794-D3C3-4CFE-BCF4-A80C97635682}.ReleaseDLL|Win32.Build.0 = Release|Win32
		{40FB7794-D3C3-4CFE-BCF4-A80C97635682}.ReleaseDLL|x64.ActiveCfg = Release|x64
		{40FB7794-D3C3-4CFE-BCF4-A80C97635682}.ReleaseDLL|x64.Build.0 = Release|x64
		{40FB7794-D3C3-4CFE-BCF4-A80C97635682}.ReleaseLIB|Win32.ActiveCfg = Release|Win32
		{40FB7794-D3C3-4CFE-BCF4-A80C97635682}.ReleaseLIB|Win32.Build.0 = Release|Win32
		{40FB7794-D3C3-4CFE-BCF4-A80C97635682}.ReleaseLIB|x64.ActiveCfg = Release|x64
		{40FB7794-D3C3-4CFE-BCF4-A80C97635682}.ReleaseLIB|x64.Build.0 = Release|x64
	EndGlobalSection
	GlobalSection(SolutionProperties) = preSolution
		HideSolutionNode = FALSE
	EndGlobalSection
	GlobalSection(NestedProjects) = preSolution
		{26828762-C95D-4637-9CB1-7F0979523813} = {D69D5741-611F-4E14-8541-1FEE94F50B5A}
		{AAAD1CB5-7ADA-47AE-85A0-08A6EC48FAFB} = {D69D5741-611F-4E14-8541-1FEE94F50B5A}
		{66B32F7E-5716-48D0-B5B9-D832FD052DD5} = {D69D5741-611F-4E14-8541-1FEE94F50B5A}
		{9C7E8C03-3130-436D-A97E-E8F8ED1AC4EA} = {D69D5741-611F-4E14-8541-1FEE94F50B5A}
		{8682FE1E-0CF6-4EDD-9BB5-1733D8C8B4DF} = {D69D5741-611F-4E14-8541-1FEE94F50B5A}
		{CAE4F1D0-314F-4B10-805B-0EFD670133A0} = {D69D5741-611F-4E14-8541-1FEE94F50B5A}
		{79CEE57E-1BC3-4FF6-90B3-9E39763CDAFF} = {D69D5741-611F-4E14-8541-1FEE94F50B5A}
		{8B5CFB38-CCBA-40A8-AD7A-89C57B070884} = {D69D5741-611F-4E14-8541-1FEE94F50B5A}
		{55812185-D13C-4022-9C81-32E0F4A08304} = {D69D5741-611F-4E14-8541-1FEE94F50B5A}
		{B51E0D74-F0A2-45A2-BD2A-8B7D95B8204A} = {D69D5741-611F-4E14-8541-1FEE94F50B5A}
		{26932B24-EFC6-4E3A-B277-ED653DA37968} = {D69D5741-611F-4E14-8541-1FEE94F50B5A}
		{C4E04D18-EF76-4B42-B4C2-16A1BACDC0A3} = {D69D5741-611F-4E14-8541-1FEE94F50B5A}
		{2D17C1EB-1157-460E-9A99-A82BFC1F9D1E} = {D69D5741-611F-4E14-8541-1FEE94F50B5A}
		{BFF40245-E9A6-4297-A425-A554E5D767E8} = {D69D5741-611F-4E14-8541-1FEE94F50B5A}
		{5D0930C0-7C91-4ECE-9014-7B7DDE9502E6} = {D69D5741-611F-4E14-8541-1FEE94F50B5A}
		{31A3E4E1-AAE9-4EF3-9B23-18D0924BE4D2} = {D69D5741-611F-4E14-8541-1FEE94F50B5A}
		{40FB7794-D3C3-4CFE-BCF4-A80C96635682} = {D69D5741-611F-4E14-8541-1FEE94F50B5A}
		{55812185-D13C-4022-9C81-32E0F4A08305} = {D69D5741-611F-4E14-8541-1FEE94F50B5A}
		{E9558DFE-1961-4DD4-B09B-DD0EEFD5C315} = {D69D5741-611F-4E14-8541-1FEE94F50B5A}
		{55812185-D13C-4022-9C81-32E0F4A08306} = {D69D5741-611F-4E14-8541-1FEE94F50B5A}
		{0D604DFD-AAB6-442C-9368-F91A344146AB} = {D69D5741-611F-4E14-8541-1FEE94F50B5A}
		{40FB7794-D3C3-4CFE-BCF4-A80C97635682} = {D69D5741-611F-4E14-8541-1FEE94F50B5A}
	EndGlobalSection
	GlobalSection(ExtensibilityGlobals) = postSolution
		SolutionGuid = {74E96D2F-A52E-42C8-910B-C7E30BC5181E}
	EndGlobalSection
EndGlobal
